# This file is autogenerated, do not edit; changes may be undone by the next 'dep ensure'.


[[projects]]
  name = "github.com/vmihailenco/bufio"
  packages = ["."]
  revision = "567b2bfa514e796916c4747494d6ff5132a1dfce"
  version = "v1"

[[projects]]
  name = "github.com/vmihailenco/msgpack"
  packages = ["."]
  revision = "6004e761984b4c5abbb5afe154e523b4a3ad3d40"
  version = "v2.0"

[solve-meta]
  analyzer-name = "dep"
  analyzer-version = 1
  inputs-digest = "4589b1b80738454167f85fb6dbffe3996482b16eec0f8febcf5854d6799b2343"
  solver-name = "gps-cdcl"
  solver-version = 1
